
Microsoft Visual Studio Solution File, Format Version 12.00
# Visual Studio Version 17
VisualStudioVersion = 17.14.36623.8 d17.14
MinimumVisualStudioVersion = 10.0.40219.1
Project("{FAE04EC0-301F-11D3-BF4B-00C04F79EFBC}") = "BoxingEvent", "BoxingEvent\BoxingEvent.csproj", "{F61C100C-2BC3-4772-AFF6-3B62A0DB40A0}"
EndProject
Global
	GlobalSection(SolutionConfigurationPlatforms) = preSolution
		Debug|Any CPU = Debug|Any CPU
		Release|Any CPU = Release|Any CPU
	EndGlobalSection
	GlobalSection(ProjectConfigurationPlatforms) = postSolution
		{F61C100C-2BC3-4772-AFF6-3B62A0DB40A0}.Debug|Any CPU.ActiveCfg = Debug|Any CPU
		{F61C100C-2BC3-4772-AFF6-3B62A0DB40A0}.Debug|Any CPU.Build.0 = Debug|Any CPU
		{F61C100C-2BC3-4772-AFF6-3B62A0DB40A0}.Release|Any CPU.ActiveCfg = Release|Any CPU
		{F61C100C-2BC3-4772-AFF6-3B62A0DB40A0}.Release|Any CPU.Build.0 = Release|Any CPU
	EndGlobalSection
	GlobalSection(SolutionProperties) = preSolution
		HideSolutionNode = FALSE
	EndGlobalSection
	GlobalSection(ExtensibilityGlobals) = postSolution
		SolutionGuid = {2EB582D9-18D7-4C0B-81E6-D10320C8A150}
	EndGlobalSection
EndGlobal
